{
  "name": "@unificando/prompts",
  "version": "2.0.0",
  "lockfileVersion": 3,
  "requires": true,
  "packages": {
    "": {
      "name": "@unificando/prompts",
      "version": "2.0.0",
      "license": "MIT",
      "bin": {
        "unificando-prompts": "bin/cli.js"
      },
      "engines": {
        "node": ">=18"
      }
    }
  }
}
